{
  "name": "todolist-app",
  "version": "1.0.0",
  "lockfileVersion": 3,
  "requires": true,
  "packages": {
    "": {
      "name": "todolist-app",
      "version": "1.0.0",
      "license": "ISC",
      "dependencies": {
        "resct": "^1.0.0"
      }
    },
    "node_modules/resct": {
      "version": "1.0.0",
      "resolved": "https://registry.npmjs.org/resct/-/resct-1.0.0.tgz",
      "integrity": "sha512-iHAaS9oeGjcuYRZnxWuVeVQjqotfzeF0IQlnzX0aa3qK3lo4bIjLqrjf5IlbDkrvXF5I0Bz5nJS4g8DQ2rjkCA==",
      "license": "ISC"
    }
  }
}
